{
    "_readme": [
        "This file locks the dependencies of your project to a known state",
        "Read more about it at https://getcomposer.org/doc/01-basic-usage.md#composer-lock-the-lock-file",
        "This file is @generated automatically"
    ],
    "content-hash": "f4a5498e1aa737ad1177fba82d0ab790",
    "packages": [
        {
            "name": "ircmaxell/php-c-parser",
            "version": "dev-master",
            "source": {
                "type": "git",
                "url": "https://github.com/ircmaxell/php-c-parser.git",
                "reference": "817f7faea5c83b0167bb9d93d2620ee0c9d2ec1f"
            },
            "dist": {
                "type": "zip",
                "url": "https://api.github.com/repos/ircmaxell/php-c-parser/zipball/817f7faea5c83b0167bb9d93d2620ee0c9d2ec1f",
                "reference": "817f7faea5c83b0167bb9d93d2620ee0c9d2ec1f",
                "shasum": ""
            },
            "require": {
                "php": ">=7.4"
            },
            "require-dev": {
                "ircmaxell/php-yacc": "dev-master",
                "phpunit/phpunit": "^8.0"
            },
            "type": "library",
            "autoload": {
                "psr-4": {
                    "PHPCParser\\": "lib/"
                }
            },
            "notification-url": "https://packagist.org/downloads/",
            "license": [
                "MIT"
            ],
            "authors": [
                {
                    "name": "Anthony Ferrara",
                    "email": "ircmaxell@gmail.com"
                }
            ],
            "description": "Parse C when using PHP",
            "time": "2019-03-28 18:37:22"
        }
    ],
    "packages-dev": [],
    "aliases": [],
    "minimum-stability": "stable",
    "stability-flags": {
        "ircmaxell/php-c-parser": 20
    },
    "prefer-stable": false,
    "prefer-lowest": false,
    "platform": {
        "php": ">=7.4"
    },
    "platform-dev": []
}
